// !$*UTF8*$!
{
	archiveVersion = 1;
	classes = {
	};
	objectVersion = 50;
	objects = {

/* Begin PBXBuildFile section */
		3BE6711720E1F7BF001070DD /* AppDelegate.swift in Sources */ = {isa = PBXBuildFile; fileRef = 3BE6711620E1F7BF001070DD /* AppDelegate.swift */; };
		3BE6711920E1F7BF001070DD /* ViewController.swift in Sources */ = {isa = PBXBuildFile; fileRef = 3BE6711820E1F7BF001070DD /* ViewController.swift */; };
		3BE6711F20E1F7BF001070DD /* TaskManage.xcdatamodeld in Sources */ = {isa = PBXBuildFile; fileRef = 3BE6711D20E1F7BF001070DD /* TaskManage.xcdatamodeld */; };
		3BE6712120E1F7C5001070DD /* Assets.xcassets in Resources */ = {isa = PBXBuildFile; fileRef = 3BE6712020E1F7C5001070DD /* Assets.xcassets */; };
		3BE6712420E1F7C5001070DD /* LaunchScreen.storyboard in Resources */ = {isa = PBXBuildFile; fileRef = 3BE6712220E1F7C5001070DD /* LaunchScreen.storyboard */; };
		3BE6712F20E1F7C6001070DD /* TaskManageTests.swift in Sources */ = {isa = PBXBuildFile; fileRef = 3BE6712E20E1F7C6001070DD /* TaskManageTests.swift */; };
		3BE6713A20E1F7C6001070DD /* TaskManageUITests.swift in Sources */ = {isa = PBXBuildFile; fileRef = 3BE6713920E1F7C6001070DD /* TaskManageUITests.swift */; };
		3BE6714920E1F7FF001070DD /* Task.swift in Sources */ = {isa = PBXBuildFile; fileRef = 3BE6714820E1F7FF001070DD /* Task.swift */; };
		3BE6714B20E1F80C001070DD /* TaskDataSource.swift in Sources */ = {isa = PBXBuildFile; fileRef = 3BE6714A20E1F80C001070DD /* TaskDataSource.swift */; };
		3BE6714E20E1F825001070DD /* TaskListCell.swift in Sources */ = {isa = PBXBuildFile; fileRef = 3BE6714D20E1F825001070DD /* TaskListCell.swift */; };
		3BE6715320E1F855001070DD /* TaskListViewController.swift in Sources */ = {isa = PBXBuildFile; fileRef = 3BE6715220E1F855001070DD /* TaskListViewController.swift */; };
		3BE6715720E20AEB001070DD /* CreateTaskView.swift in Sources */ = {isa = PBXBuildFile; fileRef = 3BE6715620E20AEB001070DD /* CreateTaskView.swift */; };
		3BE6715920E20B03001070DD /* CreateTaskViewController.swift in Sources */ = {isa = PBXBuildFile; fileRef = 3BE6715820E20B03001070DD /* CreateTaskViewController.swift */; };
/* End PBXBuildFile section */

/* Begin PBXContainerItemProxy section */
		3BE6712B20E1F7C6001070DD /* PBXContainerItemProxy */ = {
			isa = PBXContainerItemProxy;
			containerPortal = 3BE6710B20E1F7BF001070DD /* Project object */;
			proxyType = 1;
			remoteGlobalIDString = 3BE6711220E1F7BF001070DD;
			remoteInfo = TaskManage;
		};
		3BE6713620E1F7C6001070DD /* PBXContainerItemProxy */ = {
			isa = PBXContainerItemProxy;
			containerPortal = 3BE6710B20E1F7BF001070DD /* Project object */;
			proxyType = 1;
			remoteGlobalIDString = 3BE6711220E1F7BF001070DD;
			remoteInfo = TaskManage;
		};
/* End PBXContainerItemProxy section */

/* Begin PBXFileReference section */
		3BE6711320E1F7BF001070DD /* TaskManage.app */ = {isa = PBXFileReference; explicitFileType = wrapper.application; includeInIndex = 0; path = TaskManage.app; sourceTree = BUILT_PRODUCTS_DIR; };
		3BE6711620E1F7BF001070DD /* AppDelegate.swift */ = {isa = PBXFileReference; lastKnownFileType = sourcecode.swift; path = AppDelegate.swift; sourceTree = "<group>"; };
		3BE6711820E1F7BF001070DD /* ViewController.swift */ = {isa = PBXFileReference; lastKnownFileType = sourcecode.swift; path = ViewController.swift; sourceTree = "<group>"; };
		3BE6711E20E1F7BF001070DD /* TaskManage.xcdatamodel */ = {isa = PBXFileReference; lastKnownFileType = wrapper.xcdatamodel; path = TaskManage.xcdatamodel; sourceTree = "<group>"; };
		3BE6712020E1F7C5001070DD /* Assets.xcassets */ = {isa = PBXFileReference; lastKnownFileType = folder.assetcatalog; path = Assets.xcassets; sourceTree = "<group>"; };
		3BE6712320E1F7C5001070DD /* Base */ = {isa = PBXFileReference; lastKnownFileType = file.storyboard; name = Base; path = Base.lproj/LaunchScreen.storyboard; sourceTree = "<group>"; };
		3BE6712520E1F7C5001070DD /* Info.plist */ = {isa = PBXFileReference; lastKnownFileType = text.plist.xml; path = Info.plist; sourceTree = "<group>"; };
		3BE6712A20E1F7C6001070DD /* TaskManageTests.xctest */ = {isa = PBXFileReference; explicitFileType = wrapper.cfbundle; includeInIndex = 0; path = TaskManageTests.xctest; sourceTree = BUILT_PRODUCTS_DIR; };
		3BE6712E20E1F7C6001070DD /* TaskManageTests.swift */ = {isa = PBXFileReference; lastKnownFileType = sourcecode.swift; path = TaskManageTests.swift; sourceTree = "<group>"; };
		3BE6713020E1F7C6001070DD /* Info.plist */ = {isa = PBXFileReference; lastKnownFileType = text.plist.xml; path = Info.plist; sourceTree = "<group>"; };
		3BE6713520E1F7C6001070DD /* TaskManageUITests.xctest */ = {isa = PBXFileReference; explicitFileType = wrapper.cfbundle; includeInIndex = 0; path = TaskManageUITests.xctest; sourceTree = BUILT_PRODUCTS_DIR; };
		3BE6713920E1F7C6001070DD /* TaskManageUITests.swift */ = {isa = PBXFileReference; lastKnownFileType = sourcecode.swift; path = TaskManageUITests.swift; sourceTree = "<group>"; };
		3BE6713B20E1F7C6001070DD /* Info.plist */ = {isa = PBXFileReference; lastKnownFileType = text.plist.xml; path = Info.plist; sourceTree = "<group>"; };
		3BE6714820E1F7FF001070DD /* Task.swift */ = {isa = PBXFileReference; lastKnownFileType = sourcecode.swift; path = Task.swift; sourceTree = "<group>"; };
		3BE6714A20E1F80C001070DD /* TaskDataSource.swift */ = {isa = PBXFileReference; lastKnownFileType = sourcecode.swift; path = TaskDataSource.swift; sourceTree = "<group>"; };
		3BE6714D20E1F825001070DD /* TaskListCell.swift */ = {isa = PBXFileReference; lastKnownFileType = sourcecode.swift; path = TaskListCell.swift; sourceTree = "<group>"; };
		3BE6715220E1F855001070DD /* TaskListViewController.swift */ = {isa = PBXFileReference; lastKnownFileType = sourcecode.swift; path = TaskListViewController.swift; sourceTree = "<group>"; };
		3BE6715620E20AEB001070DD /* CreateTaskView.swift */ = {isa = PBXFileReference; lastKnownFileType = sourcecode.swift; path = CreateTaskView.swift; sourceTree = "<group>"; };
		3BE6715820E20B03001070DD /* CreateTaskViewController.swift */ = {isa = PBXFileReference; lastKnownFileType = sourcecode.swift; path = CreateTaskViewController.swift; sourceTree = "<group>"; };
/* End PBXFileReference section */

/* Begin PBXFrameworksBuildPhase section */
		3BE6711020E1F7BF001070DD /* Frameworks */ = {
			isa = PBXFrameworksBuildPhase;
			buildActionMask = 2147483647;
			files = (
			);
			runOnlyForDeploymentPostprocessing = 0;
		};
		3BE6712720E1F7C6001070DD /* Frameworks */ = {
			isa = PBXFrameworksBuildPhase;
			buildActionMask = 2147483647;
			files = (
			);
			runOnlyForDeploymentPostprocessing = 0;
		};
		3BE6713220E1F7C6001070DD /* Frameworks */ = {
			isa = PBXFrameworksBuildPhase;
			buildActionMask = 2147483647;
			files = (
			);
			runOnlyForDeploymentPostprocessing = 0;
		};
/* End PBXFrameworksBuildPhase section */

/* Begin PBXGroup section */
		3BE6710A20E1F7BF001070DD = {
			isa = PBXGroup;
			children = (
				3BE6711520E1F7BF001070DD /* TaskManage */,
				3BE6712D20E1F7C6001070DD /* TaskManageTests */,
				3BE6713820E1F7C6001070DD /* TaskManageUITests */,
				3BE6711420E1F7BF001070DD /* Products */,
			);
			sourceTree = "<group>";
		};
		3BE6711420E1F7BF001070DD /* Products */ = {
			isa = PBXGroup;
			children = (
				3BE6711320E1F7BF001070DD /* TaskManage.app */,
				3BE6712A20E1F7C6001070DD /* TaskManageTests.xctest */,
				3BE6713520E1F7C6001070DD /* TaskManageUITests.xctest */,
			);
			name = Products;
			sourceTree = "<group>";
		};
		3BE6711520E1F7BF001070DD /* TaskManage */ = {
			isa = PBXGroup;
			children = (
				3BE6715120E1F843001070DD /* Controller */,
				3BE6714C20E1F812001070DD /* View */,
				3BE6714720E1F7EE001070DD /* Model */,
				3BE6711620E1F7BF001070DD /* AppDelegate.swift */,
				3BE6711820E1F7BF001070DD /* ViewController.swift */,
				3BE6712020E1F7C5001070DD /* Assets.xcassets */,
				3BE6712220E1F7C5001070DD /* LaunchScreen.storyboard */,
				3BE6712520E1F7C5001070DD /* Info.plist */,
				3BE6711D20E1F7BF001070DD /* TaskManage.xcdatamodeld */,
			);
			path = TaskManage;
			sourceTree = "<group>";
		};
		3BE6712D20E1F7C6001070DD /* TaskManageTests */ = {
			isa = PBXGroup;
			children = (
				3BE6712E20E1F7C6001070DD /* TaskManageTests.swift */,
				3BE6713020E1F7C6001070DD /* Info.plist */,
			);
			path = TaskManageTests;
			sourceTree = "<group>";
		};
		3BE6713820E1F7C6001070DD /* TaskManageUITests */ = {
			isa = PBXGroup;
			children = (
				3BE6713920E1F7C6001070DD /* TaskManageUITests.swift */,
				3BE6713B20E1F7C6001070DD /* Info.plist */,
			);
			path = TaskManageUITests;
			sourceTree = "<group>";
		};
		3BE6714720E1F7EE001070DD /* Model */ = {
			isa = PBXGroup;
			children = (
				3BE6714820E1F7FF001070DD /* Task.swift */,
				3BE6714A20E1F80C001070DD /* TaskDataSource.swift */,
			);
			path = Model;
			sourceTree = "<group>";
		};
		3BE6714C20E1F812001070DD /* View */ = {
			isa = PBXGroup;
			children = (
				3BE6714D20E1F825001070DD /* TaskListCell.swift */,
				3BE6715620E20AEB001070DD /* CreateTaskView.swift */,
			);
			path = View;
			sourceTree = "<group>";
		};
		3BE6715120E1F843001070DD /* Controller */ = {
			isa = PBXGroup;
			children = (
				3BE6715220E1F855001070DD /* TaskListViewController.swift */,
				3BE6715820E20B03001070DD /* CreateTaskViewController.swift */,
			);
			path = Controller;
			sourceTree = "<group>";
		};
/* End PBXGroup section */

/* Begin PBXNativeTarget section */
		3BE6711220E1F7BF001070DD /* TaskManage */ = {
			isa = PBXNativeTarget;
			buildConfigurationList = 3BE6713E20E1F7C6001070DD /* Build configuration list for PBXNativeTarget "TaskManage" */;
			buildPhases = (
				3BE6710F20E1F7BF001070DD /* Sources */,
				3BE6711020E1F7BF001070DD /* Frameworks */,
				3BE6711120E1F7BF001070DD /* Resources */,
			);
			buildRules = (
			);
			dependencies = (
			);
			name = TaskManage;
			productName = TaskManage;
			productReference = 3BE6711320E1F7BF001070DD /* TaskManage.app */;
			productType = "com.apple.product-type.application";
		};
		3BE6712920E1F7C6001070DD /* TaskManageTests */ = {
			isa = PBXNativeTarget;
			buildConfigurationList = 3BE6714120E1F7C6001070DD /* Build configuration list for PBXNativeTarget "TaskManageTests" */;
			buildPhases = (
				3BE6712620E1F7C6001070DD /* Sources */,
				3BE6712720E1F7C6001070DD /* Frameworks */,
				3BE6712820E1F7C6001070DD /* Resources */,
			);
			buildRules = (
			);
			dependencies = (
				3BE6712C20E1F7C6001070DD /* PBXTargetDependency */,
			);
			name = TaskManageTests;
			productName = TaskManageTests;
			productReference = 3BE6712A20E1F7C6001070DD /* TaskManageTests.xctest */;
			productType = "com.apple.product-type.bundle.unit-test";
		};
		3BE6713420E1F7C6001070DD /* TaskManageUITests */ = {
			isa = PBXNativeTarget;
			buildConfigurationList = 3BE6714420E1F7C6001070DD /* Build configuration list for PBXNativeTarget "TaskManageUITests" */;
			buildPhases = (
				3BE6713120E1F7C6001070DD /* Sources */,
				3BE6713220E1F7C6001070DD /* Frameworks */,
				3BE6713320E1F7C6001070DD /* Resources */,
			);
			buildRules = (
			);
			dependencies = (
				3BE6713720E1F7C6001070DD /* PBXTargetDependency */,
			);
			name = TaskManageUITests;
			productName = TaskManageUITests;
			productReference = 3BE6713520E1F7C6001070DD /* TaskManageUITests.xctest */;
			productType = "com.apple.product-type.bundle.ui-testing";
		};
/* End PBXNativeTarget section */

/* Begin PBXProject section */
		3BE6710B20E1F7BF001070DD /* Project object */ = {
			isa = PBXProject;
			attributes = {
				LastSwiftUpdateCheck = 0940;
				LastUpgradeCheck = 0940;
				ORGANIZATIONNAME = "倉田　隆成";
				TargetAttributes = {
					3BE6711220E1F7BF001070DD = {
						CreatedOnToolsVersion = 9.4.1;
					};
					3BE6712920E1F7C6001070DD = {
						CreatedOnToolsVersion = 9.4.1;
						TestTargetID = 3BE6711220E1F7BF001070DD;
					};
					3BE6713420E1F7C6001070DD = {
						CreatedOnToolsVersion = 9.4.1;
						TestTargetID = 3BE6711220E1F7BF001070DD;
					};
				};
			};
			buildConfigurationList = 3BE6710E20E1F7BF001070DD /* Build configuration list for PBXProject "TaskManage" */;
			compatibilityVersion = "Xcode 9.3";
			developmentRegion = en;
			hasScannedForEncodings = 0;
			knownRegions = (
				en,
				Base,
			);
			mainGroup = 3BE6710A20E1F7BF001070DD;
			productRefGroup = 3BE6711420E1F7BF001070DD /* Products */;
			projectDirPath = "";
			projectRoot = "";
			targets = (
				3BE6711220E1F7BF001070DD /* TaskManage */,
				3BE6712920E1F7C6001070DD /* TaskManageTests */,
				3BE6713420E1F7C6001070DD /* TaskManageUITests */,
			);
		};
/* End PBXProject section */

/* Begin PBXResourcesBuildPhase section */
		3BE6711120E1F7BF001070DD /* Resources */ = {
			isa = PBXResourcesBuildPhase;
			buildActionMask = 2147483647;
			files = (
				3BE6712420E1F7C5001070DD /* LaunchScreen.storyboard in Resources */,
				3BE6712120E1F7C5001070DD /* Assets.xcassets in Resources */,
			);
			runOnlyForDeploymentPostprocessing = 0;
		};
		3BE6712820E1F7C6001070DD /* Resources */ = {
			isa = PBXResourcesBuildPhase;
			buildActionMask = 2147483647;
			files = (
			);
			runOnlyForDeploymentPostprocessing = 0;
		};
		3BE6713320E1F7C6001070DD /* Resources */ = {
			isa = PBXResourcesBuildPhase;
			buildActionMask = 2147483647;
			files = (
			);
			runOnlyForDeploymentPostprocessing = 0;
		};
/* End PBXResourcesBuildPhase section */

/* Begin PBXSourcesBuildPhase section */
		3BE6710F20E1F7BF001070DD /* Sources */ = {
			isa = PBXSourcesBuildPhase;
			buildActionMask = 2147483647;
			files = (
				3BE6714920E1F7FF001070DD /* Task.swift in Sources */,
				3BE6711F20E1F7BF001070DD /* TaskManage.xcdatamodeld in Sources */,
				3BE6711920E1F7BF001070DD /* ViewController.swift in Sources */,
				3BE6711720E1F7BF001070DD /* AppDelegate.swift in Sources */,
				3BE6715720E20AEB001070DD /* CreateTaskView.swift in Sources */,
				3BE6715320E1F855001070DD /* TaskListViewController.swift in Sources */,
				3BE6714E20E1F825001070DD /* TaskListCell.swift in Sources */,
				3BE6715920E20B03001070DD /* CreateTaskViewController.swift in Sources */,
				3BE6714B20E1F80C001070DD /* TaskDataSource.swift in Sources */,
			);
			runOnlyForDeploymentPostprocessing = 0;
		};
		3BE6712620E1F7C6001070DD /* Sources */ = {
			isa = PBXSourcesBuildPhase;
			buildActionMask = 2147483647;
			files = (
				3BE6712F20E1F7C6001070DD /* TaskManageTests.swift in Sources */,
			);
			runOnlyForDeploymentPostprocessing = 0;
		};
		3BE6713120E1F7C6001070DD /* Sources */ = {
			isa = PBXSourcesBuildPhase;
			buildActionMask = 2147483647;
			files = (
				3BE6713A20E1F7C6001070DD /* TaskManageUITests.swift in Sources */,
			);
			runOnlyForDeploymentPostprocessing = 0;
		};
/* End PBXSourcesBuildPhase section */

/* Begin PBXTargetDependency section */
		3BE6712C20E1F7C6001070DD /* PBXTargetDependency */ = {
			isa = PBXTargetDependency;
			target = 3BE6711220E1F7BF001070DD /* TaskManage */;
			targetProxy = 3BE6712B20E1F7C6001070DD /* PBXContainerItemProxy */;
		};
		3BE6713720E1F7C6001070DD /* PBXTargetDependency */ = {
			isa = PBXTargetDependency;
			target = 3BE6711220E1F7BF001070DD /* TaskManage */;
			targetProxy = 3BE6713620E1F7C6001070DD /* PBXContainerItemProxy */;
		};
/* End PBXTargetDependency section */

/* Begin PBXVariantGroup section */
		3BE6712220E1F7C5001070DD /* LaunchScreen.storyboard */ = {
			isa = PBXVariantGroup;
			children = (
				3BE6712320E1F7C5001070DD /* Base */,
			);
			name = LaunchScreen.storyboard;
			sourceTree = "<group>";
		};
/* End PBXVariantGroup section */

/* Begin XCBuildConfiguration section */
		3BE6713C20E1F7C6001070DD /* Debug */ = {
			isa = XCBuildConfiguration;
			buildSettings = {
				ALWAYS_SEARCH_USER_PATHS = NO;
				CLANG_ANALYZER_NONNULL = YES;
				CLANG_ANALYZER_NUMBER_OBJECT_CONVERSION = YES_AGGRESSIVE;
				CLANG_CXX_LANGUAGE_STANDARD = "gnu++14";
				CLANG_CXX_LIBRARY = "libc++";
				CLANG_ENABLE_MODULES = YES;
				CLANG_ENABLE_OBJC_ARC = YES;
				CLANG_ENABLE_OBJC_WEAK = YES;
				CLANG_WARN_BLOCK_CAPTURE_AUTORELEASING = YES;
				CLANG_WARN_BOOL_CONVERSION = YES;
				CLANG_WARN_COMMA = YES;
				CLANG_WARN_CONSTANT_CONVERSION = YES;
				CLANG_WARN_DEPRECATED_OBJC_IMPLEMENTATIONS = YES;
				CLANG_WARN_DIRECT_OBJC_ISA_USAGE = YES_ERROR;
				CLANG_WARN_DOCUMENTATION_COMMENTS = YES;
				CLANG_WARN_EMPTY_BODY = YES;
				CLANG_WARN_ENUM_CONVERSION = YES;
				CLANG_WARN_INFINITE_RECURSION = YES;
				CLANG_WARN_INT_CONVERSION = YES;
				CLANG_WARN_NON_LITERAL_NULL_CONVERSION = YES;
				CLANG_WARN_OBJC_IMPLICIT_RETAIN_SELF = YES;
				CLANG_WARN_OBJC_LITERAL_CONVERSION = YES;
				CLANG_WARN_OBJC_ROOT_CLASS = YES_ERROR;
				CLANG_WARN_RANGE_LOOP_ANALYSIS = YES;
				CLANG_WARN_STRICT_PROTOTYPES = YES;
				CLANG_WARN_SUSPICIOUS_MOVE = YES;
				CLANG_WARN_UNGUARDED_AVAILABILITY = YES_AGGRESSIVE;
				CLANG_WARN_UNREACHABLE_CODE = YES;
				CLANG_WARN__DUPLICATE_METHOD_MATCH = YES;
				CODE_SIGN_IDENTITY = "iPhone Developer";
				COPY_PHASE_STRIP = NO;
				DEBUG_INFORMATION_FORMAT = dwarf;
				ENABLE_STRICT_OBJC_MSGSEND = YES;
				ENABLE_TESTABILITY = YES;
				GCC_C_LANGUAGE_STANDARD = gnu11;
				GCC_DYNAMIC_NO_PIC = NO;
				GCC_NO_COMMON_BLOCKS = YES;
				GCC_OPTIMIZATION_LEVEL = 0;
				GCC_PREPROCESSOR_DEFINITIONS = (
					"DEBUG=1",
					"$(inherited)",
				);
				GCC_WARN_64_TO_32_BIT_CONVERSION = YES;
				GCC_WARN_ABOUT_RETURN_TYPE = YES_ERROR;
				GCC_WARN_UNDECLARED_SELECTOR = YES;
				GCC_WARN_UNINITIALIZED_AUTOS = YES_AGGRESSIVE;
				GCC_WARN_UNUSED_FUNCTION = YES;
				GCC_WARN_UNUSED_VARIABLE = YES;
				IPHONEOS_DEPLOYMENT_TARGET = 11.4;
				MTL_ENABLE_DEBUG_INFO = YES;
				ONLY_ACTIVE_ARCH = YES;
				SDKROOT = iphoneos;
				SWIFT_ACTIVE_COMPILATION_CONDITIONS = DEBUG;
				SWIFT_OPTIMIZATION_LEVEL = "-Onone";
			};
			name = Debug;
		};
		3BE6713D20E1F7C6001070DD /* Release */ = {
			isa = XCBuildConfiguration;
			buildSettings = {
				ALWAYS_SEARCH_USER_PATHS = NO;
				CLANG_ANALYZER_NONNULL = YES;
				CLANG_ANALYZER_NUMBER_OBJECT_CONVERSION = YES_AGGRESSIVE;
				CLANG_CXX_LANGUAGE_STANDARD = "gnu++14";
				CLANG_CXX_LIBRARY = "libc++";
				CLANG_ENABLE_MODULES = YES;
				CLANG_ENABLE_OBJC_ARC = YES;
				CLANG_ENABLE_OBJC_WEAK = YES;
				CLANG_WARN_BLOCK_CAPTURE_AUTORELEASING = YES;
				CLANG_WARN_BOOL_CONVERSION = YES;
				CLANG_WARN_COMMA = YES;
				CLANG_WARN_CONSTANT_CONVERSION = YES;
				CLANG_WARN_DEPRECATED_OBJC_IMPLEMENTATIONS = YES;
				CLANG_WARN_DIRECT_OBJC_ISA_USAGE = YES_ERROR;
				CLANG_WARN_DOCUMENTATION_COMMENTS = YES;
				CLANG_WARN_EMPTY_BODY = YES;
				CLANG_WARN_ENUM_CONVERSION = YES;
				CLANG_WARN_INFINITE_RECURSION = YES;
				CLANG_WARN_INT_CONVERSION = YES;
				CLANG_WARN_NON_LITERAL_NULL_CONVERSION = YES;
				CLANG_WARN_OBJC_IMPLICIT_RETAIN_SELF = YES;
				CLANG_WARN_OBJC_LITERAL_CONVERSION = YES;
				CLANG_WARN_OBJC_ROOT_CLASS = YES_ERROR;
				CLANG_WARN_RANGE_LOOP_ANALYSIS = YES;
				CLANG_WARN_STRICT_PROTOTYPES = YES;
				CLANG_WARN_SUSPICIOUS_MOVE = YES;
				CLANG_WARN_UNGUARDED_AVAILABILITY = YES_AGGRESSIVE;
				CLANG_WARN_UNREACHABLE_CODE = YES;
				CLANG_WARN__DUPLICATE_METHOD_MATCH = YES;
				CODE_SIGN_IDENTITY = "iPhone Developer";
				COPY_PHASE_STRIP = NO;
				DEBUG_INFORMATION_FORMAT = "dwarf-with-dsym";
				ENABLE_NS_ASSERTIONS = NO;
				ENABLE_STRICT_OBJC_MSGSEND = YES;
				GCC_C_LANGUAGE_STANDARD = gnu11;
				GCC_NO_COMMON_BLOCKS = YES;
				GCC_WARN_64_TO_32_BIT_CONVERSION = YES;
				GCC_WARN_ABOUT_RETURN_TYPE = YES_ERROR;
				GCC_WARN_UNDECLARED_SELECTOR = YES;
				GCC_WARN_UNINITIALIZED_AUTOS = YES_AGGRESSIVE;
				GCC_WARN_UNUSED_FUNCTION = YES;
				GCC_WARN_UNUSED_VARIABLE = YES;
				IPHONEOS_DEPLOYMENT_TARGET = 11.4;
				MTL_ENABLE_DEBUG_INFO = NO;
				SDKROOT = iphoneos;
				SWIFT_COMPILATION_MODE = wholemodule;
				SWIFT_OPTIMIZATION_LEVEL = "-O";
				VALIDATE_PRODUCT = YES;
			};
			name = Release;
		};
		3BE6713F20E1F7C6001070DD /* Debug */ = {
			isa = XCBuildConfiguration;
			buildSettings = {
				ASSETCATALOG_COMPILER_APPICON_NAME = AppIcon;
				CODE_SIGN_STYLE = Automatic;
				INFOPLIST_FILE = TaskManage/Info.plist;
				LD_RUNPATH_SEARCH_PATHS = (
					"$(inherited)",
					"@executable_path/Frameworks",
				);
				PRODUCT_BUNDLE_IDENTIFIER = "--.TaskManage";
				PRODUCT_NAME = "$(TARGET_NAME)";
				SWIFT_VERSION = 4.0;
				TARGETED_DEVICE_FAMILY = "1,2";
			};
			name = Debug;
		};
		3BE6714020E1F7C6001070DD /* Release */ = {
			isa = XCBuildConfiguration;
			buildSettings = {
				ASSETCATALOG_COMPILER_APPICON_NAME = AppIcon;
				CODE_SIGN_STYLE = Automatic;
				INFOPLIST_FILE = TaskManage/Info.plist;
				LD_RUNPATH_SEARCH_PATHS = (
					"$(inherited)",
					"@executable_path/Frameworks",
				);
				PRODUCT_BUNDLE_IDENTIFIER = "--.TaskManage";
				PRODUCT_NAME = "$(TARGET_NAME)";
				SWIFT_VERSION = 4.0;
				TARGETED_DEVICE_FAMILY = "1,2";
			};
			name = Release;
		};
		3BE6714220E1F7C6001070DD /* Debug */ = {
			isa = XCBuildConfiguration;
			buildSettings = {
				ALWAYS_EMBED_SWIFT_STANDARD_LIBRARIES = YES;
				BUNDLE_LOADER = "$(TEST_HOST)";
				CODE_SIGN_STYLE = Automatic;
				INFOPLIST_FILE = TaskManageTests/Info.plist;
				LD_RUNPATH_SEARCH_PATHS = (
					"$(inherited)",
					"@executable_path/Frameworks",
					"@loader_path/Frameworks",
				);
				PRODUCT_BUNDLE_IDENTIFIER = "--.TaskManageTests";
				PRODUCT_NAME = "$(TARGET_NAME)";
				SWIFT_VERSION = 4.0;
				TARGETED_DEVICE_FAMILY = "1,2";
				TEST_HOST = "$(BUILT_PRODUCTS_DIR)/TaskManage.app/TaskManage";
			};
			name = Debug;
		};
		3BE6714320E1F7C6001070DD /* Release */ = {
			isa = XCBuildConfiguration;
			buildSettings = {
				ALWAYS_EMBED_SWIFT_STANDARD_LIBRARIES = YES;
				BUNDLE_LOADER = "$(TEST_HOST)";
				CODE_SIGN_STYLE = Automatic;
				INFOPLIST_FILE = TaskManageTests/Info.plist;
				LD_RUNPATH_SEARCH_PATHS = (
					"$(inherited)",
					"@executable_path/Frameworks",
					"@loader_path/Frameworks",
				);
				PRODUCT_BUNDLE_IDENTIFIER = "--.TaskManageTests";
				PRODUCT_NAME = "$(TARGET_NAME)";
				SWIFT_VERSION = 4.0;
				TARGETED_DEVICE_FAMILY = "1,2";
				TEST_HOST = "$(BUILT_PRODUCTS_DIR)/TaskManage.app/TaskManage";
			};
			name = Release;
		};
		3BE6714520E1F7C6001070DD /* Debug */ = {
			isa = XCBuildConfiguration;
			buildSettings = {
				ALWAYS_EMBED_SWIFT_STANDARD_LIBRARIES = YES;
				CODE_SIGN_STYLE = Automatic;
				INFOPLIST_FILE = TaskManageUITests/Info.plist;
				LD_RUNPATH_SEARCH_PATHS = (
					"$(inherited)",
					"@executable_path/Frameworks",
					"@loader_path/Frameworks",
				);
				PRODUCT_BUNDLE_IDENTIFIER = "--.TaskManageUITests";
				PRODUCT_NAME = "$(TARGET_NAME)";
				SWIFT_VERSION = 4.0;
				TARGETED_DEVICE_FAMILY = "1,2";
				TEST_TARGET_NAME = TaskManage;
			};
			name = Debug;
		};
		3BE6714620E1F7C6001070DD /* Release */ = {
			isa = XCBuildConfiguration;
			buildSettings = {
				ALWAYS_EMBED_SWIFT_STANDARD_LIBRARIES = YES;
				CODE_SIGN_STYLE = Automatic;
				INFOPLIST_FILE = TaskManageUITests/Info.plist;
				LD_RUNPATH_SEARCH_PATHS = (
					"$(inherited)",
					"@executable_path/Frameworks",
					"@loader_path/Frameworks",
				);
				PRODUCT_BUNDLE_IDENTIFIER = "--.TaskManageUITests";
				PRODUCT_NAME = "$(TARGET_NAME)";
				SWIFT_VERSION = 4.0;
				TARGETED_DEVICE_FAMILY = "1,2";
				TEST_TARGET_NAME = TaskManage;
			};
			name = Release;
		};
/* End XCBuildConfiguration section */

/* Begin XCConfigurationList section */
		3BE6710E20E1F7BF001070DD /* Build configuration list for PBXProject "TaskManage" */ = {
			isa = XCConfigurationList;
			buildConfigurations = (
				3BE6713C20E1F7C6001070DD /* Debug */,
				3BE6713D20E1F7C6001070DD /* Release */,
			);
			defaultConfigurationIsVisible = 0;
			defaultConfigurationName = Release;
		};
		3BE6713E20E1F7C6001070DD /* Build configuration list for PBXNativeTarget "TaskManage" */ = {
			isa = XCConfigurationList;
			buildConfigurations = (
				3BE6713F20E1F7C6001070DD /* Debug */,
				3BE6714020E1F7C6001070DD /* Release */,
			);
			defaultConfigurationIsVisible = 0;
			defaultConfigurationName = Release;
		};
		3BE6714120E1F7C6001070DD /* Build configuration list for PBXNativeTarget "TaskManageTests" */ = {
			isa = XCConfigurationList;
			buildConfigurations = (
				3BE6714220E1F7C6001070DD /* Debug */,
				3BE6714320E1F7C6001070DD /* Release */,
			);
			defaultConfigurationIsVisible = 0;
			defaultConfigurationName = Release;
		};
		3BE6714420E1F7C6001070DD /* Build configuration list for PBXNativeTarget "TaskManageUITests" */ = {
			isa = XCConfigurationList;
			buildConfigurations = (
				3BE6714520E1F7C6001070DD /* Debug */,
				3BE6714620E1F7C6001070DD /* Release */,
			);
			defaultConfigurationIsVisible = 0;
			defaultConfigurationName = Release;
		};
/* End XCConfigurationList section */

/* Begin XCVersionGroup section */
		3BE6711D20E1F7BF001070DD /* TaskManage.xcdatamodeld */ = {
			isa = XCVersionGroup;
			children = (
				3BE6711E20E1F7BF001070DD /* TaskManage.xcdatamodel */,
			);
			currentVersion = 3BE6711E20E1F7BF001070DD /* TaskManage.xcdatamodel */;
			path = TaskManage.xcdatamodeld;
			sourceTree = "<group>";
			versionGroupType = wrapper.xcdatamodel;
		};
/* End XCVersionGroup section */
	};
	rootObject = 3BE6710B20E1F7BF001070DD /* Project object */;
}
